
Microsoft Visual Studio Solution File, Format Version 12.00
Project("{FAE04EC0-301F-11D3-BF4B-00C04F79EFBC}") = "EkipTogether", "EkipTogether\EkipTogether.csproj", "{B02F335C-2677-458E-98DD-43F5C5CC7CCE}"
EndProject
Global
	GlobalSection(SolutionConfigurationPlatforms) = preSolution
		Debug|Any CPU = Debug|Any CPU
		Release|Any CPU = Release|Any CPU
	EndGlobalSection
	GlobalSection(ProjectConfigurationPlatforms) = postSolution
		{B02F335C-2677-458E-98DD-43F5C5CC7CCE}.Debug|Any CPU.ActiveCfg = Debug|Any CPU
		{B02F335C-2677-458E-98DD-43F5C5CC7CCE}.Debug|Any CPU.Build.0 = Debug|Any CPU
		{B02F335C-2677-458E-98DD-43F5C5CC7CCE}.Release|Any CPU.ActiveCfg = Release|Any CPU
		{B02F335C-2677-458E-98DD-43F5C5CC7CCE}.Release|Any CPU.Build.0 = Release|Any CPU
		{B02F335C-2677-458E-98DD-43F5C5CC7CCE}.Release|Any CPU.Deploy.0 = Release|Any CPU
	EndGlobalSection
EndGlobal
